
Microsoft Visual Studio Solution File, Format Version 12.00
# Visual Studio 15
VisualStudioVersion = 15.0.28307.2092
MinimumVisualStudioVersion = 10.0.40219.1
Project("{8BC9CEB8-8B4A-11D0-8D11-00A0C91BC942}") = "HM2 3.33", "HM2 3.33\HM2 3.33.vcxproj", "{D5399F28-4AF3-49A1-8757-6B4BFC197D54}"
EndProject
Global
	GlobalSection(SolutionConfigurationPlatforms) = preSolution
		Debug|x64 = Debug|x64
		Debug|x86 = Debug|x86
		Release|x64 = Release|x64
		Release|x86 = Release|x86
	EndGlobalSection
	GlobalSection(ProjectConfigurationPlatforms) = postSolution
		{D5399F28-4AF3-49A1-8757-6B4BFC197D54}.Debug|x64.ActiveCfg = Debug|x64
		{D5399F28-4AF3-49A1-8757-6B4BFC197D54}.Debug|x64.Build.0 = Debug|x64
		{D5399F28-4AF3-49A1-8757-6B4BFC197D54}.Debug|x86.ActiveCfg = Debug|Win32
		{D5399F28-4AF3-49A1-8757-6B4BFC197D54}.Debug|x86.Build.0 = Debug|Win32
		{D5399F28-4AF3-49A1-8757-6B4BFC197D54}.Release|x64.ActiveCfg = Release|x64
		{D5399F28-4AF3-49A1-8757-6B4BFC197D54}.Release|x64.Build.0 = Release|x64
		{D5399F28-4AF3-49A1-8757-6B4BFC197D54}.Release|x86.ActiveCfg = Release|Win32
		{D5399F28-4AF3-49A1-8757-6B4BFC197D54}.Release|x86.Build.0 = Release|Win32
	EndGlobalSection
	GlobalSection(SolutionProperties) = preSolution
		HideSolutionNode = FALSE
	EndGlobalSection
	GlobalSection(ExtensibilityGlobals) = postSolution
		SolutionGuid = {1DAF9319-FEBC-4BB5-A5CE-9A963B46A5DD}
	EndGlobalSection
EndGlobal
