
Microsoft Visual Studio Solution File, Format Version 12.00
# Visual Studio 15
VisualStudioVersion = 15.0.28307.2092
MinimumVisualStudioVersion = 10.0.40219.1
Project("{8BC9CEB8-8B4A-11D0-8D11-00A0C91BC942}") = "HM2 4.15", "HM2 4.15\HM2 4.15.vcxproj", "{A6556980-B95A-489F-AC5D-8C371D719D38}"
EndProject
Global
	GlobalSection(SolutionConfigurationPlatforms) = preSolution
		Debug|x64 = Debug|x64
		Debug|x86 = Debug|x86
		Release|x64 = Release|x64
		Release|x86 = Release|x86
	EndGlobalSection
	GlobalSection(ProjectConfigurationPlatforms) = postSolution
		{A6556980-B95A-489F-AC5D-8C371D719D38}.Debug|x64.ActiveCfg = Debug|x64
		{A6556980-B95A-489F-AC5D-8C371D719D38}.Debug|x64.Build.0 = Debug|x64
		{A6556980-B95A-489F-AC5D-8C371D719D38}.Debug|x86.ActiveCfg = Debug|Win32
		{A6556980-B95A-489F-AC5D-8C371D719D38}.Debug|x86.Build.0 = Debug|Win32
		{A6556980-B95A-489F-AC5D-8C371D719D38}.Release|x64.ActiveCfg = Release|x64
		{A6556980-B95A-489F-AC5D-8C371D719D38}.Release|x64.Build.0 = Release|x64
		{A6556980-B95A-489F-AC5D-8C371D719D38}.Release|x86.ActiveCfg = Release|Win32
		{A6556980-B95A-489F-AC5D-8C371D719D38}.Release|x86.Build.0 = Release|Win32
	EndGlobalSection
	GlobalSection(SolutionProperties) = preSolution
		HideSolutionNode = FALSE
	EndGlobalSection
	GlobalSection(ExtensibilityGlobals) = postSolution
		SolutionGuid = {A6287F00-B9ED-48CF-B0DC-CC30612A9A4D}
	EndGlobalSection
EndGlobal
